// !$*UTF8*$!
{
	archiveVersion = 1;
	classes = {
	};
	objectVersion = 46;
	objects = {

/* Begin PBXBuildFile section */
		201BBC9216987399001368B5 /* UIKit.framework in Frameworks */ = {isa = PBXBuildFile; fileRef = 201BBC9116987399001368B5 /* UIKit.framework */; };
		201BBC9416987399001368B5 /* Foundation.framework in Frameworks */ = {isa = PBXBuildFile; fileRef = 201BBC9316987399001368B5 /* Foundation.framework */; };
		201BBC9616987399001368B5 /* CoreGraphics.framework in Frameworks */ = {isa = PBXBuildFile; fileRef = 201BBC9516987399001368B5 /* CoreGraphics.framework */; };
		201BBC9C16987399001368B5 /* InfoPlist.strings in Resources */ = {isa = PBXBuildFile; fileRef = 201BBC9A16987399001368B5 /* InfoPlist.strings */; };
		201BBC9E16987399001368B5 /* main.m in Sources */ = {isa = PBXBuildFile; fileRef = 201BBC9D16987399001368B5 /* main.m */; };
		201BBCA216987399001368B5 /* AppDelegate.m in Sources */ = {isa = PBXBuildFile; fileRef = 201BBCA116987399001368B5 /* AppDelegate.m */; };
		201BBCAB16987399001368B5 /* ViewController.m in Sources */ = {isa = PBXBuildFile; fileRef = 201BBCAA16987399001368B5 /* ViewController.m */; };
		201BBCAE16987399001368B5 /* ViewController.xib in Resources */ = {isa = PBXBuildFile; fileRef = 201BBCAC16987399001368B5 /* ViewController.xib */; };
		201BBCB916987450001368B5 /* Icons in Resources */ = {isa = PBXBuildFile; fileRef = 201BBCB816987450001368B5 /* Icons */; };
		201BBCC116987B3B001368B5 /* fips_assert.c in Sources */ = {isa = PBXBuildFile; fileRef = 201BBCBF16987B3B001368B5 /* fips_assert.c */; };
		201BBCC616988131001368B5 /* OpenSSL-logo.png in Resources */ = {isa = PBXBuildFile; fileRef = 201BBCC516988131001368B5 /* OpenSSL-logo.png */; };
		2024028E16A4781E00472D13 /* Icon.png in Resources */ = {isa = PBXBuildFile; fileRef = 2024028D16A4781E00472D13 /* Icon.png */; };
		2024029016A4782300472D13 /* Icon@2x.png in Resources */ = {isa = PBXBuildFile; fileRef = 2024028F16A4782300472D13 /* Icon@2x.png */; };
		20E98E8C1698A49400453A52 /* fips_premain.c in Sources */ = {isa = PBXBuildFile; fileRef = 20E98E8B1698A49400453A52 /* fips_premain.c */; };
/* End PBXBuildFile section */

/* Begin PBXFileReference section */
		201BBC8D16987399001368B5 /* fips-pi.app */ = {isa = PBXFileReference; explicitFileType = wrapper.application; includeInIndex = 0; path = "fips-pi.app"; sourceTree = BUILT_PRODUCTS_DIR; };
		201BBC9116987399001368B5 /* UIKit.framework */ = {isa = PBXFileReference; lastKnownFileType = wrapper.framework; name = UIKit.framework; path = System/Library/Frameworks/UIKit.framework; sourceTree = SDKROOT; };
		201BBC9316987399001368B5 /* Foundation.framework */ = {isa = PBXFileReference; lastKnownFileType = wrapper.framework; name = Foundation.framework; path = System/Library/Frameworks/Foundation.framework; sourceTree = SDKROOT; };
		201BBC9516987399001368B5 /* CoreGraphics.framework */ = {isa = PBXFileReference; lastKnownFileType = wrapper.framework; name = CoreGraphics.framework; path = System/Library/Frameworks/CoreGraphics.framework; sourceTree = SDKROOT; };
		201BBC9916987399001368B5 /* fips-pi.plist */ = {isa = PBXFileReference; lastKnownFileType = text.plist.xml; path = "fips-pi.plist"; sourceTree = "<group>"; };
		201BBC9B16987399001368B5 /* en */ = {isa = PBXFileReference; lastKnownFileType = text.plist.strings; name = en; path = en.lproj/InfoPlist.strings; sourceTree = "<group>"; };
		201BBC9D16987399001368B5 /* main.m */ = {isa = PBXFileReference; lastKnownFileType = sourcecode.c.objc; path = main.m; sourceTree = "<group>"; };
		201BBC9F16987399001368B5 /* fips-pi.pch */ = {isa = PBXFileReference; lastKnownFileType = sourcecode.c.h; path = "fips-pi.pch"; sourceTree = "<group>"; };
		201BBCA016987399001368B5 /* AppDelegate.h */ = {isa = PBXFileReference; lastKnownFileType = sourcecode.c.h; path = AppDelegate.h; sourceTree = "<group>"; };
		201BBCA116987399001368B5 /* AppDelegate.m */ = {isa = PBXFileReference; lastKnownFileType = sourcecode.c.objc; path = AppDelegate.m; sourceTree = "<group>"; };
		201BBCA916987399001368B5 /* ViewController.h */ = {isa = PBXFileReference; lastKnownFileType = sourcecode.c.h; path = ViewController.h; sourceTree = "<group>"; };
		201BBCAA16987399001368B5 /* ViewController.m */ = {isa = PBXFileReference; lastKnownFileType = sourcecode.c.objc; path = ViewController.m; sourceTree = "<group>"; };
		201BBCAD16987399001368B5 /* en */ = {isa = PBXFileReference; lastKnownFileType = file.xib; name = en; path = en.lproj/ViewController.xib; sourceTree = "<group>"; };
		201BBCB816987450001368B5 /* Icons */ = {isa = PBXFileReference; lastKnownFileType = folder; path = Icons; sourceTree = "<group>"; };
		201BBCBF16987B3B001368B5 /* fips_assert.c */ = {isa = PBXFileReference; fileEncoding = 4; lastKnownFileType = sourcecode.c.c; path = fips_assert.c; sourceTree = "<group>"; };
		201BBCC016987B3B001368B5 /* fips_assert.h */ = {isa = PBXFileReference; fileEncoding = 4; lastKnownFileType = sourcecode.c.h; path = fips_assert.h; sourceTree = "<group>"; };
		201BBCC516988131001368B5 /* OpenSSL-logo.png */ = {isa = PBXFileReference; lastKnownFileType = image.png; path = "OpenSSL-logo.png"; sourceTree = "<group>"; };
		2024028D16A4781E00472D13 /* Icon.png */ = {isa = PBXFileReference; lastKnownFileType = image.png; path = Icon.png; sourceTree = "<group>"; };
		2024028F16A4782300472D13 /* Icon@2x.png */ = {isa = PBXFileReference; lastKnownFileType = image.png; path = "Icon@2x.png"; sourceTree = "<group>"; };
		20E98E8B1698A49400453A52 /* fips_premain.c */ = {isa = PBXFileReference; fileEncoding = 4; lastKnownFileType = sourcecode.c.c; path = fips_premain.c; sourceTree = "<group>"; };
/* End PBXFileReference section */

/* Begin PBXFrameworksBuildPhase section */
		201BBC8A16987399001368B5 /* Frameworks */ = {
			isa = PBXFrameworksBuildPhase;
			buildActionMask = 2147483647;
			files = (
				201BBC9216987399001368B5 /* UIKit.framework in Frameworks */,
				201BBC9416987399001368B5 /* Foundation.framework in Frameworks */,
				201BBC9616987399001368B5 /* CoreGraphics.framework in Frameworks */,
			);
			runOnlyForDeploymentPostprocessing = 0;
		};
/* End PBXFrameworksBuildPhase section */

/* Begin PBXGroup section */
		201BBC8216987399001368B5 = {
			isa = PBXGroup;
			children = (
				2024028F16A4782300472D13 /* Icon@2x.png */,
				2024028D16A4781E00472D13 /* Icon.png */,
				201BBC9716987399001368B5 /* fips-pi */,
				201BBC9016987399001368B5 /* Frameworks */,
				201BBC8E16987399001368B5 /* Products */,
			);
			sourceTree = "<group>";
		};
		201BBC8E16987399001368B5 /* Products */ = {
			isa = PBXGroup;
			children = (
				201BBC8D16987399001368B5 /* fips-pi.app */,
			);
			name = Products;
			sourceTree = "<group>";
		};
		201BBC9016987399001368B5 /* Frameworks */ = {
			isa = PBXGroup;
			children = (
				201BBC9116987399001368B5 /* UIKit.framework */,
				201BBC9316987399001368B5 /* Foundation.framework */,
				201BBC9516987399001368B5 /* CoreGraphics.framework */,
			);
			name = Frameworks;
			sourceTree = "<group>";
		};
		201BBC9716987399001368B5 /* fips-pi */ = {
			isa = PBXGroup;
			children = (
				201BBCA016987399001368B5 /* AppDelegate.h */,
				201BBCA116987399001368B5 /* AppDelegate.m */,
				201BBCA916987399001368B5 /* ViewController.h */,
				201BBCAA16987399001368B5 /* ViewController.m */,
				201BBCAC16987399001368B5 /* ViewController.xib */,
				201BBC9816987399001368B5 /* Supporting Files */,
			);
			path = "fips-pi";
			sourceTree = "<group>";
		};
		201BBC9816987399001368B5 /* Supporting Files */ = {
			isa = PBXGroup;
			children = (
				201BBC9D16987399001368B5 /* main.m */,
				20E98E8B1698A49400453A52 /* fips_premain.c */,
				201BBCC016987B3B001368B5 /* fips_assert.h */,
				201BBCBF16987B3B001368B5 /* fips_assert.c */,
				201BBC9916987399001368B5 /* fips-pi.plist */,
				201BBC9F16987399001368B5 /* fips-pi.pch */,
				201BBC9A16987399001368B5 /* InfoPlist.strings */,
				201BBCC516988131001368B5 /* OpenSSL-logo.png */,
				201BBCB816987450001368B5 /* Icons */,
			);
			name = "Supporting Files";
			sourceTree = "<group>";
		};
/* End PBXGroup section */

/* Begin PBXNativeTarget section */
		201BBC8C16987399001368B5 /* fips-pi */ = {
			isa = PBXNativeTarget;
			buildConfigurationList = 201BBCB116987399001368B5 /* Build configuration list for PBXNativeTarget "fips-pi" */;
			buildPhases = (
				201BBC8916987399001368B5 /* Sources */,
				201BBC8A16987399001368B5 /* Frameworks */,
				201BBC8B16987399001368B5 /* Resources */,
				20E98E8A1698A30500453A52 /* Embed Fingerprint */,
			);
			buildRules = (
			);
			dependencies = (
			);
			name = "fips-pi";
			productName = "fips-pi";
			productReference = 201BBC8D16987399001368B5 /* fips-pi.app */;
			productType = "com.apple.product-type.application";
		};
/* End PBXNativeTarget section */

/* Begin PBXProject section */
		201BBC8416987399001368B5 /* Project object */ = {
			isa = PBXProject;
			attributes = {
				LastUpgradeCheck = 0450;
				ORGANIZATIONNAME = "OpenSSL Foundation";
			};
			buildConfigurationList = 201BBC8716987399001368B5 /* Build configuration list for PBXProject "fips-pi" */;
			compatibilityVersion = "Xcode 3.2";
			developmentRegion = English;
			hasScannedForEncodings = 0;
			knownRegions = (
				en,
			);
			mainGroup = 201BBC8216987399001368B5;
			productRefGroup = 201BBC8E16987399001368B5 /* Products */;
			projectDirPath = "";
			projectRoot = "";
			targets = (
				201BBC8C16987399001368B5 /* fips-pi */,
			);
		};
/* End PBXProject section */

/* Begin PBXResourcesBuildPhase section */
		201BBC8B16987399001368B5 /* Resources */ = {
			isa = PBXResourcesBuildPhase;
			buildActionMask = 2147483647;
			files = (
				201BBC9C16987399001368B5 /* InfoPlist.strings in Resources */,
				201BBCAE16987399001368B5 /* ViewController.xib in Resources */,
				201BBCB916987450001368B5 /* Icons in Resources */,
				201BBCC616988131001368B5 /* OpenSSL-logo.png in Resources */,
				2024028E16A4781E00472D13 /* Icon.png in Resources */,
				2024029016A4782300472D13 /* Icon@2x.png in Resources */,
			);
			runOnlyForDeploymentPostprocessing = 0;
		};
/* End PBXResourcesBuildPhase section */

/* Begin PBXShellScriptBuildPhase section */
		20E98E8A1698A30500453A52 /* Embed Fingerprint */ = {
			isa = PBXShellScriptBuildPhase;
			buildActionMask = 2147483647;
			files = (
			);
			inputPaths = (
			);
			name = "Embed Fingerprint";
			outputPaths = (
			);
			runOnlyForDeploymentPostprocessing = 0;
			shellPath = /bin/sh;
			shellScript = "/usr/local/bin/incore_macho --debug -exe \"$CONFIGURATION_BUILD_DIR/$EXECUTABLE_PATH\"";
		};
/* End PBXShellScriptBuildPhase section */

/* Begin PBXSourcesBuildPhase section */
		201BBC8916987399001368B5 /* Sources */ = {
			isa = PBXSourcesBuildPhase;
			buildActionMask = 2147483647;
			files = (
				201BBC9E16987399001368B5 /* main.m in Sources */,
				201BBCA216987399001368B5 /* AppDelegate.m in Sources */,
				201BBCAB16987399001368B5 /* ViewController.m in Sources */,
				201BBCC116987B3B001368B5 /* fips_assert.c in Sources */,
				20E98E8C1698A49400453A52 /* fips_premain.c in Sources */,
			);
			runOnlyForDeploymentPostprocessing = 0;
		};
/* End PBXSourcesBuildPhase section */

/* Begin PBXVariantGroup section */
		201BBC9A16987399001368B5 /* InfoPlist.strings */ = {
			isa = PBXVariantGroup;
			children = (
				201BBC9B16987399001368B5 /* en */,
			);
			name = InfoPlist.strings;
			sourceTree = "<group>";
		};
		201BBCAC16987399001368B5 /* ViewController.xib */ = {
			isa = PBXVariantGroup;
			children = (
				201BBCAD16987399001368B5 /* en */,
			);
			name = ViewController.xib;
			sourceTree = "<group>";
		};
/* End PBXVariantGroup section */

/* Begin XCBuildConfiguration section */
		201BBCAF16987399001368B5 /* Debug */ = {
			isa = XCBuildConfiguration;
			buildSettings = {
				ALWAYS_SEARCH_USER_PATHS = YES;
				ARCHS = armv7;
				CLANG_ANALYZER_SECURITY_INSECUREAPI_RAND = YES;
				CLANG_ANALYZER_SECURITY_INSECUREAPI_STRCPY = YES;
				CLANG_CXX_LANGUAGE_STANDARD = "gnu++0x";
				CLANG_CXX_LIBRARY = "libc++";
				CLANG_WARN_EMPTY_BODY = YES;
				CLANG_WARN__DUPLICATE_METHOD_MATCH = YES;
				CODE_SIGN_IDENTITY = "iPhone Developer";
				"CODE_SIGN_IDENTITY[sdk=iphoneos*]" = "iPhone Developer";
				COPY_PHASE_STRIP = NO;
				GCC_C_LANGUAGE_STANDARD = gnu99;
				GCC_OPTIMIZATION_LEVEL = 0;
				GCC_PREPROCESSOR_DEFINITIONS = (
					"DEBUG=1",
					"$(inherited)",
				);
				GCC_SYMBOLS_PRIVATE_EXTERN = NO;
				GCC_WARN_ABOUT_RETURN_TYPE = YES;
				GCC_WARN_UNINITIALIZED_AUTOS = YES;
				GCC_WARN_UNUSED_VARIABLE = YES;
				IPHONEOS_DEPLOYMENT_TARGET = 4.3;
				OTHER_CFLAGS = (
					"-Wall",
					"-Wextra",
					"-Wconversion",
					"-Wstrict-overflow",
					"-Wno-unused-parameter",
				);
				OTHER_CPLUSPLUSFLAGS = "$(OTHER_CFLAGS)";
				OTHER_LDFLAGS = /usr/local/ssl/iphoneos/lib/libcrypto.a;
				PROVISIONING_PROFILE = "";
				SDKROOT = iphoneos;
				USER_HEADER_SEARCH_PATHS = /usr/local/ssl/iphoneos/include;
				VALID_ARCHS = "armv5 armv6 armv7 armv7s";
			};
			name = Debug;
		};
		201BBCB016987399001368B5 /* Release */ = {
			isa = XCBuildConfiguration;
			buildSettings = {
				ALWAYS_SEARCH_USER_PATHS = YES;
				ARCHS = armv7;
				CLANG_ANALYZER_SECURITY_INSECUREAPI_RAND = YES;
				CLANG_ANALYZER_SECURITY_INSECUREAPI_STRCPY = YES;
				CLANG_CXX_LANGUAGE_STANDARD = "gnu++0x";
				CLANG_CXX_LIBRARY = "libc++";
				CLANG_WARN_EMPTY_BODY = YES;
				CLANG_WARN__DUPLICATE_METHOD_MATCH = YES;
				CODE_SIGN_IDENTITY = "iPhone Developer";
				"CODE_SIGN_IDENTITY[sdk=iphoneos*]" = "iPhone Developer";
				COPY_PHASE_STRIP = YES;
				GCC_C_LANGUAGE_STANDARD = gnu99;
				GCC_PREPROCESSOR_DEFINITIONS = (
					"NDEBUG=1",
					"NS_BLOCK_ASSERTIONS=1",
				);
				GCC_WARN_ABOUT_RETURN_TYPE = YES;
				GCC_WARN_UNINITIALIZED_AUTOS = YES;
				GCC_WARN_UNUSED_VARIABLE = YES;
				IPHONEOS_DEPLOYMENT_TARGET = 4.3;
				OTHER_CFLAGS = (
					"-Wall",
					"-Wextra",
					"-Wconversion",
					"-Wstrict-overflow",
					"-Wno-unused-parameter",
				);
				OTHER_CPLUSPLUSFLAGS = "$(OTHER_CFLAGS)";
				OTHER_LDFLAGS = /usr/local/ssl/iphoneos/lib/libcrypto.a;
				PROVISIONING_PROFILE = "";
				SDKROOT = iphoneos;
				USER_HEADER_SEARCH_PATHS = /usr/local/ssl/iphoneos/include;
				VALIDATE_PRODUCT = YES;
				VALID_ARCHS = "armv5 armv6 armv7 armv7s";
			};
			name = Release;
		};
		201BBCB216987399001368B5 /* Debug */ = {
			isa = XCBuildConfiguration;
			buildSettings = {
				GCC_PRECOMPILE_PREFIX_HEADER = YES;
				GCC_PREFIX_HEADER = "fips-pi/fips-pi.pch";
				GCC_PREPROCESSOR_DEFINITIONS = (
					"DEBUG=1",
					"$(inherited)",
				);
				INFOPLIST_FILE = "fips-pi/fips-pi.plist";
				OTHER_LDFLAGS = "/usr/local/ssl/Release-iphoneos/lib/libcrypto.a";
				PRODUCT_NAME = "fips-pi";
				USER_HEADER_SEARCH_PATHS = "/usr/local/ssl/Release-iphoneos/include";
				WRAPPER_EXTENSION = app;
			};
			name = Debug;
		};
		201BBCB316987399001368B5 /* Release */ = {
			isa = XCBuildConfiguration;
			buildSettings = {
				GCC_PRECOMPILE_PREFIX_HEADER = YES;
				GCC_PREFIX_HEADER = "fips-pi/fips-pi.pch";
				GCC_PREPROCESSOR_DEFINITIONS = (
					"NDEBUG=1",
					"NS_BLOCK_ASSERTIONS=1",
				);
				INFOPLIST_FILE = "fips-pi/fips-pi.plist";
				OTHER_LDFLAGS = "/usr/local/ssl/Release-iphoneos/lib/libcrypto.a";
				PRODUCT_NAME = "fips-pi";
				USER_HEADER_SEARCH_PATHS = "/usr/local/ssl/Release-iphoneos/include";
				WRAPPER_EXTENSION = app;
			};
			name = Release;
		};
/* End XCBuildConfiguration section */

/* Begin XCConfigurationList section */
		201BBC8716987399001368B5 /* Build configuration list for PBXProject "fips-pi" */ = {
			isa = XCConfigurationList;
			buildConfigurations = (
				201BBCAF16987399001368B5 /* Debug */,
				201BBCB016987399001368B5 /* Release */,
			);
			defaultConfigurationIsVisible = 0;
			defaultConfigurationName = Release;
		};
		201BBCB116987399001368B5 /* Build configuration list for PBXNativeTarget "fips-pi" */ = {
			isa = XCConfigurationList;
			buildConfigurations = (
				201BBCB216987399001368B5 /* Debug */,
				201BBCB316987399001368B5 /* Release */,
			);
			defaultConfigurationIsVisible = 0;
			defaultConfigurationName = Release;
		};
/* End XCConfigurationList section */
	};
	rootObject = 201BBC8416987399001368B5 /* Project object */;
}
